// !$*UTF8*$!
{
	archiveVersion = 1;
	classes = {
	};
	objectVersion = 46;
	objects = {

/* Begin PBXBuildFile section */
		8781374A1CD20B6200D17E95 /* AppDelegate.swift in Sources */ = {isa = PBXBuildFile; fileRef = 878137491CD20B6200D17E95 /* AppDelegate.swift */; };
		8781374C1CD20B6200D17E95 /* ViewController.swift in Sources */ = {isa = PBXBuildFile; fileRef = 8781374B1CD20B6200D17E95 /* ViewController.swift */; };
		8781374F1CD20B6200D17E95 /* Main.storyboard in Resources */ = {isa = PBXBuildFile; fileRef = 8781374D1CD20B6200D17E95 /* Main.storyboard */; };
		878137541CD20B6200D17E95 /* LaunchScreen.storyboard in Resources */ = {isa = PBXBuildFile; fileRef = 878137521CD20B6200D17E95 /* LaunchScreen.storyboard */; };
		8781375F1CD20B6200D17E95 /* plistWithTableUITests.swift in Sources */ = {isa = PBXBuildFile; fileRef = 8781375E1CD20B6200D17E95 /* plistWithTableUITests.swift */; };
		8781376A1CD20BED00D17E95 /* TableViewController.swift in Sources */ = {isa = PBXBuildFile; fileRef = 878137691CD20BED00D17E95 /* TableViewController.swift */; };
		8781376C1CD20C2B00D17E95 /* Property List.plist in Resources */ = {isa = PBXBuildFile; fileRef = 8781376B1CD20C2B00D17E95 /* Property List.plist */; };
		8781376E1CD20E1200D17E95 /* images.jpeg in Resources */ = {isa = PBXBuildFile; fileRef = 8781376D1CD20E1200D17E95 /* images.jpeg */; };
		878137781CD2154E00D17E95 /* Images.xcassets in Resources */ = {isa = PBXBuildFile; fileRef = 878137771CD2154E00D17E95 /* Images.xcassets */; };
/* End PBXBuildFile section */

/* Begin PBXContainerItemProxy section */
		8781375B1CD20B6200D17E95 /* PBXContainerItemProxy */ = {
			isa = PBXContainerItemProxy;
			containerPortal = 8781373E1CD20B6200D17E95 /* Project object */;
			proxyType = 1;
			remoteGlobalIDString = 878137451CD20B6200D17E95;
			remoteInfo = plistWithTable;
		};
/* End PBXContainerItemProxy section */

/* Begin PBXFileReference section */
		878137461CD20B6200D17E95 /* plistWithTable.app */ = {isa = PBXFileReference; explicitFileType = wrapper.application; includeInIndex = 0; path = plistWithTable.app; sourceTree = BUILT_PRODUCTS_DIR; };
		878137491CD20B6200D17E95 /* AppDelegate.swift */ = {isa = PBXFileReference; lastKnownFileType = sourcecode.swift; path = AppDelegate.swift; sourceTree = "<group>"; };
		8781374B1CD20B6200D17E95 /* ViewController.swift */ = {isa = PBXFileReference; lastKnownFileType = sourcecode.swift; path = ViewController.swift; sourceTree = "<group>"; };
		8781374E1CD20B6200D17E95 /* Base */ = {isa = PBXFileReference; lastKnownFileType = file.storyboard; name = Base; path = Base.lproj/Main.storyboard; sourceTree = "<group>"; };
		878137531CD20B6200D17E95 /* Base */ = {isa = PBXFileReference; lastKnownFileType = file.storyboard; name = Base; path = Base.lproj/LaunchScreen.storyboard; sourceTree = "<group>"; };
		878137551CD20B6200D17E95 /* Info.plist */ = {isa = PBXFileReference; lastKnownFileType = text.plist.xml; path = Info.plist; sourceTree = "<group>"; };
		8781375A1CD20B6200D17E95 /* plistWithTableUITests.xctest */ = {isa = PBXFileReference; explicitFileType = wrapper.cfbundle; includeInIndex = 0; path = plistWithTableUITests.xctest; sourceTree = BUILT_PRODUCTS_DIR; };
		8781375E1CD20B6200D17E95 /* plistWithTableUITests.swift */ = {isa = PBXFileReference; lastKnownFileType = sourcecode.swift; path = plistWithTableUITests.swift; sourceTree = "<group>"; };
		878137601CD20B6200D17E95 /* Info.plist */ = {isa = PBXFileReference; lastKnownFileType = text.plist.xml; path = Info.plist; sourceTree = "<group>"; };
		878137691CD20BED00D17E95 /* TableViewController.swift */ = {isa = PBXFileReference; fileEncoding = 4; lastKnownFileType = sourcecode.swift; path = TableViewController.swift; sourceTree = "<group>"; };
		8781376B1CD20C2B00D17E95 /* Property List.plist */ = {isa = PBXFileReference; fileEncoding = 4; lastKnownFileType = text.plist.xml; path = "Property List.plist"; sourceTree = "<group>"; };
		8781376D1CD20E1200D17E95 /* images.jpeg */ = {isa = PBXFileReference; lastKnownFileType = image.jpeg; path = images.jpeg; sourceTree = "<group>"; };
		878137771CD2154E00D17E95 /* Images.xcassets */ = {isa = PBXFileReference; lastKnownFileType = folder.assetcatalog; path = Images.xcassets; sourceTree = "<group>"; };
/* End PBXFileReference section */

/* Begin PBXFrameworksBuildPhase section */
		878137431CD20B6200D17E95 /* Frameworks */ = {
			isa = PBXFrameworksBuildPhase;
			buildActionMask = 2147483647;
			files = (
			);
			runOnlyForDeploymentPostprocessing = 0;
		};
		878137571CD20B6200D17E95 /* Frameworks */ = {
			isa = PBXFrameworksBuildPhase;
			buildActionMask = 2147483647;
			files = (
			);
			runOnlyForDeploymentPostprocessing = 0;
		};
/* End PBXFrameworksBuildPhase section */

/* Begin PBXGroup section */
		8781373D1CD20B6200D17E95 = {
			isa = PBXGroup;
			children = (
				878137771CD2154E00D17E95 /* Images.xcassets */,
				8781376B1CD20C2B00D17E95 /* Property List.plist */,
				878137691CD20BED00D17E95 /* TableViewController.swift */,
				878137481CD20B6200D17E95 /* plistWithTable */,
				8781375D1CD20B6200D17E95 /* plistWithTableUITests */,
				878137471CD20B6200D17E95 /* Products */,
			);
			sourceTree = "<group>";
		};
		878137471CD20B6200D17E95 /* Products */ = {
			isa = PBXGroup;
			children = (
				878137461CD20B6200D17E95 /* plistWithTable.app */,
				8781375A1CD20B6200D17E95 /* plistWithTableUITests.xctest */,
			);
			name = Products;
			sourceTree = "<group>";
		};
		878137481CD20B6200D17E95 /* plistWithTable */ = {
			isa = PBXGroup;
			children = (
				878137491CD20B6200D17E95 /* AppDelegate.swift */,
				8781374B1CD20B6200D17E95 /* ViewController.swift */,
				8781374D1CD20B6200D17E95 /* Main.storyboard */,
				8781376D1CD20E1200D17E95 /* images.jpeg */,
				878137521CD20B6200D17E95 /* LaunchScreen.storyboard */,
				878137551CD20B6200D17E95 /* Info.plist */,
			);
			path = plistWithTable;
			sourceTree = "<group>";
		};
		8781375D1CD20B6200D17E95 /* plistWithTableUITests */ = {
			isa = PBXGroup;
			children = (
				8781375E1CD20B6200D17E95 /* plistWithTableUITests.swift */,
				878137601CD20B6200D17E95 /* Info.plist */,
			);
			path = plistWithTableUITests;
			sourceTree = "<group>";
		};
/* End PBXGroup section */

/* Begin PBXNativeTarget section */
		878137451CD20B6200D17E95 /* plistWithTable */ = {
			isa = PBXNativeTarget;
			buildConfigurationList = 878137631CD20B6200D17E95 /* Build configuration list for PBXNativeTarget "plistWithTable" */;
			buildPhases = (
				878137421CD20B6200D17E95 /* Sources */,
				878137431CD20B6200D17E95 /* Frameworks */,
				878137441CD20B6200D17E95 /* Resources */,
			);
			buildRules = (
			);
			dependencies = (
			);
			name = plistWithTable;
			productName = plistWithTable;
			productReference = 878137461CD20B6200D17E95 /* plistWithTable.app */;
			productType = "com.apple.product-type.application";
		};
		878137591CD20B6200D17E95 /* plistWithTableUITests */ = {
			isa = PBXNativeTarget;
			buildConfigurationList = 878137661CD20B6200D17E95 /* Build configuration list for PBXNativeTarget "plistWithTableUITests" */;
			buildPhases = (
				878137561CD20B6200D17E95 /* Sources */,
				878137571CD20B6200D17E95 /* Frameworks */,
				878137581CD20B6200D17E95 /* Resources */,
			);
			buildRules = (
			);
			dependencies = (
				8781375C1CD20B6200D17E95 /* PBXTargetDependency */,
			);
			name = plistWithTableUITests;
			productName = plistWithTableUITests;
			productReference = 8781375A1CD20B6200D17E95 /* plistWithTableUITests.xctest */;
			productType = "com.apple.product-type.bundle.ui-testing";
		};
/* End PBXNativeTarget section */

/* Begin PBXProject section */
		8781373E1CD20B6200D17E95 /* Project object */ = {
			isa = PBXProject;
			attributes = {
				LastSwiftUpdateCheck = 0730;
				LastUpgradeCheck = 0730;
				ORGANIZATIONNAME = wittybrains;
				TargetAttributes = {
					878137451CD20B6200D17E95 = {
						CreatedOnToolsVersion = 7.3;
					};
					878137591CD20B6200D17E95 = {
						CreatedOnToolsVersion = 7.3;
						TestTargetID = 878137451CD20B6200D17E95;
					};
				};
			};
			buildConfigurationList = 878137411CD20B6200D17E95 /* Build configuration list for PBXProject "plistWithTable" */;
			compatibilityVersion = "Xcode 3.2";
			developmentRegion = English;
			hasScannedForEncodings = 0;
			knownRegions = (
				en,
				Base,
			);
			mainGroup = 8781373D1CD20B6200D17E95;
			productRefGroup = 878137471CD20B6200D17E95 /* Products */;
			projectDirPath = "";
			projectRoot = "";
			targets = (
				878137451CD20B6200D17E95 /* plistWithTable */,
				878137591CD20B6200D17E95 /* plistWithTableUITests */,
			);
		};
/* End PBXProject section */

/* Begin PBXResourcesBuildPhase section */
		878137441CD20B6200D17E95 /* Resources */ = {
			isa = PBXResourcesBuildPhase;
			buildActionMask = 2147483647;
			files = (
				878137541CD20B6200D17E95 /* LaunchScreen.storyboard in Resources */,
				878137781CD2154E00D17E95 /* Images.xcassets in Resources */,
				8781376E1CD20E1200D17E95 /* images.jpeg in Resources */,
				8781376C1CD20C2B00D17E95 /* Property List.plist in Resources */,
				8781374F1CD20B6200D17E95 /* Main.storyboard in Resources */,
			);
			runOnlyForDeploymentPostprocessing = 0;
		};
		878137581CD20B6200D17E95 /* Resources */ = {
			isa = PBXResourcesBuildPhase;
			buildActionMask = 2147483647;
			files = (
			);
			runOnlyForDeploymentPostprocessing = 0;
		};
/* End PBXResourcesBuildPhase section */

/* Begin PBXSourcesBuildPhase section */
		878137421CD20B6200D17E95 /* Sources */ = {
			isa = PBXSourcesBuildPhase;
			buildActionMask = 2147483647;
			files = (
				8781374C1CD20B6200D17E95 /* ViewController.swift in Sources */,
				8781376A1CD20BED00D17E95 /* TableViewController.swift in Sources */,
				8781374A1CD20B6200D17E95 /* AppDelegate.swift in Sources */,
			);
			runOnlyForDeploymentPostprocessing = 0;
		};
		878137561CD20B6200D17E95 /* Sources */ = {
			isa = PBXSourcesBuildPhase;
			buildActionMask = 2147483647;
			files = (
				8781375F1CD20B6200D17E95 /* plistWithTableUITests.swift in Sources */,
			);
			runOnlyForDeploymentPostprocessing = 0;
		};
/* End PBXSourcesBuildPhase section */

/* Begin PBXTargetDependency section */
		8781375C1CD20B6200D17E95 /* PBXTargetDependency */ = {
			isa = PBXTargetDependency;
			target = 878137451CD20B6200D17E95 /* plistWithTable */;
			targetProxy = 8781375B1CD20B6200D17E95 /* PBXContainerItemProxy */;
		};
/* End PBXTargetDependency section */

/* Begin PBXVariantGroup section */
		8781374D1CD20B6200D17E95 /* Main.storyboard */ = {
			isa = PBXVariantGroup;
			children = (
				8781374E1CD20B6200D17E95 /* Base */,
			);
			name = Main.storyboard;
			sourceTree = "<group>";
		};
		878137521CD20B6200D17E95 /* LaunchScreen.storyboard */ = {
			isa = PBXVariantGroup;
			children = (
				878137531CD20B6200D17E95 /* Base */,
			);
			name = LaunchScreen.storyboard;
			sourceTree = "<group>";
		};
/* End PBXVariantGroup section */

/* Begin XCBuildConfiguration section */
		878137611CD20B6200D17E95 /* Debug */ = {
			isa = XCBuildConfiguration;
			buildSettings = {
				ALWAYS_SEARCH_USER_PATHS = NO;
				CLANG_ANALYZER_NONNULL = YES;
				CLANG_CXX_LANGUAGE_STANDARD = "gnu++0x";
				CLANG_CXX_LIBRARY = "libc++";
				CLANG_ENABLE_MODULES = YES;
				CLANG_ENABLE_OBJC_ARC = YES;
				CLANG_WARN_BOOL_CONVERSION = YES;
				CLANG_WARN_CONSTANT_CONVERSION = YES;
				CLANG_WARN_DIRECT_OBJC_ISA_USAGE = YES_ERROR;
				CLANG_WARN_EMPTY_BODY = YES;
				CLANG_WARN_ENUM_CONVERSION = YES;
				CLANG_WARN_INT_CONVERSION = YES;
				CLANG_WARN_OBJC_ROOT_CLASS = YES_ERROR;
				CLANG_WARN_UNREACHABLE_CODE = YES;
				CLANG_WARN__DUPLICATE_METHOD_MATCH = YES;
				"CODE_SIGN_IDENTITY[sdk=iphoneos*]" = "iPhone Developer";
				COPY_PHASE_STRIP = NO;
				DEBUG_INFORMATION_FORMAT = dwarf;
				ENABLE_STRICT_OBJC_MSGSEND = YES;
				ENABLE_TESTABILITY = YES;
				GCC_C_LANGUAGE_STANDARD = gnu99;
				GCC_DYNAMIC_NO_PIC = NO;
				GCC_NO_COMMON_BLOCKS = YES;
				GCC_OPTIMIZATION_LEVEL = 0;
				GCC_PREPROCESSOR_DEFINITIONS = (
					"DEBUG=1",
					"$(inherited)",
				);
				GCC_WARN_64_TO_32_BIT_CONVERSION = YES;
				GCC_WARN_ABOUT_RETURN_TYPE = YES_ERROR;
				GCC_WARN_UNDECLARED_SELECTOR = YES;
				GCC_WARN_UNINITIALIZED_AUTOS = YES_AGGRESSIVE;
				GCC_WARN_UNUSED_FUNCTION = YES;
				GCC_WARN_UNUSED_VARIABLE = YES;
				IPHONEOS_DEPLOYMENT_TARGET = 9.3;
				MTL_ENABLE_DEBUG_INFO = YES;
				ONLY_ACTIVE_ARCH = YES;
				SDKROOT = iphoneos;
				SWIFT_OPTIMIZATION_LEVEL = "-Onone";
				TARGETED_DEVICE_FAMILY = "1,2";
			};
			name = Debug;
		};
		878137621CD20B6200D17E95 /* Release */ = {
			isa = XCBuildConfiguration;
			buildSettings = {
				ALWAYS_SEARCH_USER_PATHS = NO;
				CLANG_ANALYZER_NONNULL = YES;
				CLANG_CXX_LANGUAGE_STANDARD = "gnu++0x";
				CLANG_CXX_LIBRARY = "libc++";
				CLANG_ENABLE_MODULES = YES;
				CLANG_ENABLE_OBJC_ARC = YES;
				CLANG_WARN_BOOL_CONVERSION = YES;
				CLANG_WARN_CONSTANT_CONVERSION = YES;
				CLANG_WARN_DIRECT_OBJC_ISA_USAGE = YES_ERROR;
				CLANG_WARN_EMPTY_BODY = YES;
				CLANG_WARN_ENUM_CONVERSION = YES;
				CLANG_WARN_INT_CONVERSION = YES;
				CLANG_WARN_OBJC_ROOT_CLASS = YES_ERROR;
				CLANG_WARN_UNREACHABLE_CODE = YES;
				CLANG_WARN__DUPLICATE_METHOD_MATCH = YES;
				"CODE_SIGN_IDENTITY[sdk=iphoneos*]" = "iPhone Developer";
				COPY_PHASE_STRIP = NO;
				DEBUG_INFORMATION_FORMAT = "dwarf-with-dsym";
				ENABLE_NS_ASSERTIONS = NO;
				ENABLE_STRICT_OBJC_MSGSEND = YES;
				GCC_C_LANGUAGE_STANDARD = gnu99;
				GCC_NO_COMMON_BLOCKS = YES;
				GCC_WARN_64_TO_32_BIT_CONVERSION = YES;
				GCC_WARN_ABOUT_RETURN_TYPE = YES_ERROR;
				GCC_WARN_UNDECLARED_SELECTOR = YES;
				GCC_WARN_UNINITIALIZED_AUTOS = YES_AGGRESSIVE;
				GCC_WARN_UNUSED_FUNCTION = YES;
				GCC_WARN_UNUSED_VARIABLE = YES;
				IPHONEOS_DEPLOYMENT_TARGET = 9.3;
				MTL_ENABLE_DEBUG_INFO = NO;
				SDKROOT = iphoneos;
				TARGETED_DEVICE_FAMILY = "1,2";
				VALIDATE_PRODUCT = YES;
			};
			name = Release;
		};
		878137641CD20B6200D17E95 /* Debug */ = {
			isa = XCBuildConfiguration;
			buildSettings = {
				ASSETCATALOG_COMPILER_APPICON_NAME = AppIcon;
				ASSETCATALOG_COMPILER_LAUNCHIMAGE_NAME = "Brand Assets";
				INFOPLIST_FILE = plistWithTable/Info.plist;
				LD_RUNPATH_SEARCH_PATHS = "$(inherited) @executable_path/Frameworks";
				PRODUCT_BUNDLE_IDENTIFIER = wittybrains.com.plistWithTable;
				PRODUCT_NAME = "$(TARGET_NAME)";
			};
			name = Debug;
		};
		878137651CD20B6200D17E95 /* Release */ = {
			isa = XCBuildConfiguration;
			buildSettings = {
				ASSETCATALOG_COMPILER_APPICON_NAME = AppIcon;
				ASSETCATALOG_COMPILER_LAUNCHIMAGE_NAME = "Brand Assets";
				INFOPLIST_FILE = plistWithTable/Info.plist;
				LD_RUNPATH_SEARCH_PATHS = "$(inherited) @executable_path/Frameworks";
				PRODUCT_BUNDLE_IDENTIFIER = wittybrains.com.plistWithTable;
				PRODUCT_NAME = "$(TARGET_NAME)";
			};
			name = Release;
		};
		878137671CD20B6200D17E95 /* Debug */ = {
			isa = XCBuildConfiguration;
			buildSettings = {
				INFOPLIST_FILE = plistWithTableUITests/Info.plist;
				LD_RUNPATH_SEARCH_PATHS = "$(inherited) @executable_path/Frameworks @loader_path/Frameworks";
				PRODUCT_BUNDLE_IDENTIFIER = wittybrains.com.plistWithTableUITests;
				PRODUCT_NAME = "$(TARGET_NAME)";
				TEST_TARGET_NAME = plistWithTable;
			};
			name = Debug;
		};
		878137681CD20B6200D17E95 /* Release */ = {
			isa = XCBuildConfiguration;
			buildSettings = {
				INFOPLIST_FILE = plistWithTableUITests/Info.plist;
				LD_RUNPATH_SEARCH_PATHS = "$(inherited) @executable_path/Frameworks @loader_path/Frameworks";
				PRODUCT_BUNDLE_IDENTIFIER = wittybrains.com.plistWithTableUITests;
				PRODUCT_NAME = "$(TARGET_NAME)";
				TEST_TARGET_NAME = plistWithTable;
			};
			name = Release;
		};
/* End XCBuildConfiguration section */

/* Begin XCConfigurationList section */
		878137411CD20B6200D17E95 /* Build configuration list for PBXProject "plistWithTable" */ = {
			isa = XCConfigurationList;
			buildConfigurations = (
				878137611CD20B6200D17E95 /* Debug */,
				878137621CD20B6200D17E95 /* Release */,
			);
			defaultConfigurationIsVisible = 0;
			defaultConfigurationName = Release;
		};
		878137631CD20B6200D17E95 /* Build configuration list for PBXNativeTarget "plistWithTable" */ = {
			isa = XCConfigurationList;
			buildConfigurations = (
				878137641CD20B6200D17E95 /* Debug */,
				878137651CD20B6200D17E95 /* Release */,
			);
			defaultConfigurationIsVisible = 0;
		};
		878137661CD20B6200D17E95 /* Build configuration list for PBXNativeTarget "plistWithTableUITests" */ = {
			isa = XCConfigurationList;
			buildConfigurations = (
				878137671CD20B6200D17E95 /* Debug */,
				878137681CD20B6200D17E95 /* Release */,
			);
			defaultConfigurationIsVisible = 0;
		};
/* End XCConfigurationList section */
	};
	rootObject = 8781373E1CD20B6200D17E95 /* Project object */;
}
